
Microsoft Visual Studio Solution File, Format Version 12.00
# Visual Studio Version 17
VisualStudioVersion = 17.14.36616.10
MinimumVisualStudioVersion = 10.0.40219.1
Project("{FAE04EC0-301F-11D3-BF4B-00C04F79EFBC}") = "SumarAuto.Client", "SumarAuto.Client.csproj", "{4873AD90-F494-47FA-84DB-C7B52FE7E496}"
EndProject
Project("{FAE04EC0-301F-11D3-BF4B-00C04F79EFBC}") = "SumarAuto.Data", "..\SumarAuto.Data\SumarAuto.Data.csproj", "{A3E088A3-2696-47B9-883B-CA6C2EF45DA3}"
EndProject
Global
	GlobalSection(SolutionConfigurationPlatforms) = preSolution
		Debug|Any CPU = Debug|Any CPU
		Release|Any CPU = Release|Any CPU
	EndGlobalSection
	GlobalSection(ProjectConfigurationPlatforms) = postSolution
		{4873AD90-F494-47FA-84DB-C7B52FE7E496}.Debug|Any CPU.ActiveCfg = Debug|Any CPU
		{4873AD90-F494-47FA-84DB-C7B52FE7E496}.Debug|Any CPU.Build.0 = Debug|Any CPU
		{4873AD90-F494-47FA-84DB-C7B52FE7E496}.Release|Any CPU.ActiveCfg = Release|Any CPU
		{4873AD90-F494-47FA-84DB-C7B52FE7E496}.Release|Any CPU.Build.0 = Release|Any CPU
		{A3E088A3-2696-47B9-883B-CA6C2EF45DA3}.Debug|Any CPU.ActiveCfg = Debug|Any CPU
		{A3E088A3-2696-47B9-883B-CA6C2EF45DA3}.Debug|Any CPU.Build.0 = Debug|Any CPU
		{A3E088A3-2696-47B9-883B-CA6C2EF45DA3}.Release|Any CPU.ActiveCfg = Release|Any CPU
		{A3E088A3-2696-47B9-883B-CA6C2EF45DA3}.Release|Any CPU.Build.0 = Release|Any CPU
	EndGlobalSection
	GlobalSection(SolutionProperties) = preSolution
		HideSolutionNode = FALSE
	EndGlobalSection
	GlobalSection(ExtensibilityGlobals) = postSolution
		SolutionGuid = {51AB6354-1F33-402C-8110-DD76BFBB0495}
	EndGlobalSection
EndGlobal
